
Microsoft Visual Studio Solution File, Format Version 12.00
# Visual Studio Version 17
VisualStudioVersion = 17.7.34221.43
MinimumVisualStudioVersion = 10.0.40219.1
Project("{FAE04EC0-301F-11D3-BF4B-00C04F79EFBC}") = "BiSo", "BiSo\BiSo.csproj", "{A6CB3FD0-BCBC-452E-A3BF-A4E2132EF6F3}"
EndProject
Global
	GlobalSection(SolutionConfigurationPlatforms) = preSolution
		Debug|Any CPU = Debug|Any CPU
		Release|Any CPU = Release|Any CPU
	EndGlobalSection
	GlobalSection(ProjectConfigurationPlatforms) = postSolution
		{A6CB3FD0-BCBC-452E-A3BF-A4E2132EF6F3}.Debug|Any CPU.ActiveCfg = Debug|Any CPU
		{A6CB3FD0-BCBC-452E-A3BF-A4E2132EF6F3}.Debug|Any CPU.Build.0 = Debug|Any CPU
		{A6CB3FD0-BCBC-452E-A3BF-A4E2132EF6F3}.Release|Any CPU.ActiveCfg = Release|Any CPU
		{A6CB3FD0-BCBC-452E-A3BF-A4E2132EF6F3}.Release|Any CPU.Build.0 = Release|Any CPU
	EndGlobalSection
	GlobalSection(SolutionProperties) = preSolution
		HideSolutionNode = FALSE
	EndGlobalSection
	GlobalSection(ExtensibilityGlobals) = postSolution
		SolutionGuid = {FD6683C8-BEB1-423A-9DB8-A1CB77A896D7}
	EndGlobalSection
EndGlobal
